
Microsoft Visual Studio Solution File, Format Version 12.00
# Visual Studio Version 16
VisualStudioVersion = 16.0.30517.126
MinimumVisualStudioVersion = 10.0.40219.1
Project("{9A19103F-16F7-4668-BE54-9A1E7A4F7556}") = "CurrencyExchange.Web", "CurrencyExchange.Web\CurrencyExchange.Web.csproj", "{53CEBF03-51F1-4279-9A56-26C459DC47C0}"
EndProject
Project("{9A19103F-16F7-4668-BE54-9A1E7A4F7556}") = "CurrencyExchange.DataAccess", "CurrencyExchange.DataAccess\CurrencyExchange.DataAccess.csproj", "{B945247C-D1C9-4588-A0DB-6EA78F40DAC7}"
EndProject
Project("{9A19103F-16F7-4668-BE54-9A1E7A4F7556}") = "CurrencyExchange.Domains", "CurrencyExchange.Domains\CurrencyExchange.Domains.csproj", "{8018257E-2717-4397-AF7C-1722616CA485}"
EndProject
Project("{9A19103F-16F7-4668-BE54-9A1E7A4F7556}") = "CurrencyExchange.BusinessLogic", "CurrencyExchange.BusinessLogic\CurrencyExchange.BusinessLogic.csproj", "{158F7037-9C50-4769-9643-C81A7023FA55}"
EndProject
Project("{2150E333-8FDC-42A3-9474-1A3956D46DE8}") = "Infrastructure", "Infrastructure", "{2B51D301-FDB7-40B6-8337-CB87807E1EAB}"
	ProjectSection(SolutionItems) = preProject
		Infrastructure\buildspec.yml = Infrastructure\buildspec.yml
		Infrastructure\Procfile = Infrastructure\Procfile
	EndProjectSection
EndProject
Global
	GlobalSection(SolutionConfigurationPlatforms) = preSolution
		Debug|Any CPU = Debug|Any CPU
		Release|Any CPU = Release|Any CPU
	EndGlobalSection
	GlobalSection(ProjectConfigurationPlatforms) = postSolution
		{53CEBF03-51F1-4279-9A56-26C459DC47C0}.Debug|Any CPU.ActiveCfg = Debug|Any CPU
		{53CEBF03-51F1-4279-9A56-26C459DC47C0}.Debug|Any CPU.Build.0 = Debug|Any CPU
		{53CEBF03-51F1-4279-9A56-26C459DC47C0}.Release|Any CPU.ActiveCfg = Release|Any CPU
		{53CEBF03-51F1-4279-9A56-26C459DC47C0}.Release|Any CPU.Build.0 = Release|Any CPU
		{B945247C-D1C9-4588-A0DB-6EA78F40DAC7}.Debug|Any CPU.ActiveCfg = Debug|Any CPU
		{B945247C-D1C9-4588-A0DB-6EA78F40DAC7}.Debug|Any CPU.Build.0 = Debug|Any CPU
		{B945247C-D1C9-4588-A0DB-6EA78F40DAC7}.Release|Any CPU.ActiveCfg = Release|Any CPU
		{B945247C-D1C9-4588-A0DB-6EA78F40DAC7}.Release|Any CPU.Build.0 = Release|Any CPU
		{8018257E-2717-4397-AF7C-1722616CA485}.Debug|Any CPU.ActiveCfg = Debug|Any CPU
		{8018257E-2717-4397-AF7C-1722616CA485}.Debug|Any CPU.Build.0 = Debug|Any CPU
		{8018257E-2717-4397-AF7C-1722616CA485}.Release|Any CPU.ActiveCfg = Release|Any CPU
		{8018257E-2717-4397-AF7C-1722616CA485}.Release|Any CPU.Build.0 = Release|Any CPU
		{158F7037-9C50-4769-9643-C81A7023FA55}.Debug|Any CPU.ActiveCfg = Debug|Any CPU
		{158F7037-9C50-4769-9643-C81A7023FA55}.Debug|Any CPU.Build.0 = Debug|Any CPU
		{158F7037-9C50-4769-9643-C81A7023FA55}.Release|Any CPU.ActiveCfg = Release|Any CPU
		{158F7037-9C50-4769-9643-C81A7023FA55}.Release|Any CPU.Build.0 = Release|Any CPU
	EndGlobalSection
	GlobalSection(SolutionProperties) = preSolution
		HideSolutionNode = FALSE
	EndGlobalSection
	GlobalSection(ExtensibilityGlobals) = postSolution
		SolutionGuid = {46D7C439-F00F-4A51-BC1D-E868198F813E}
	EndGlobalSection
EndGlobal
