
Microsoft Visual Studio Solution File, Format Version 12.00
# Visual Studio Version 16
VisualStudioVersion = 16.0.30517.126
MinimumVisualStudioVersion = 10.0.40219.1
Project("{FAE04EC0-301F-11D3-BF4B-00C04F79EFBC}") = "CurrencyExchange.Web", "CurrencyExchange.Web\CurrencyExchange.Web.csproj", "{53CEBF03-51F1-4279-9A56-26C459DC47C0}"
EndProject
Global
	GlobalSection(SolutionConfigurationPlatforms) = preSolution
		Debug|Any CPU = Debug|Any CPU
		Release|Any CPU = Release|Any CPU
	EndGlobalSection
	GlobalSection(ProjectConfigurationPlatforms) = postSolution
		{53CEBF03-51F1-4279-9A56-26C459DC47C0}.Debug|Any CPU.ActiveCfg = Debug|Any CPU
		{53CEBF03-51F1-4279-9A56-26C459DC47C0}.Debug|Any CPU.Build.0 = Debug|Any CPU
		{53CEBF03-51F1-4279-9A56-26C459DC47C0}.Release|Any CPU.ActiveCfg = Release|Any CPU
		{53CEBF03-51F1-4279-9A56-26C459DC47C0}.Release|Any CPU.Build.0 = Release|Any CPU
	EndGlobalSection
	GlobalSection(SolutionProperties) = preSolution
		HideSolutionNode = FALSE
	EndGlobalSection
	GlobalSection(ExtensibilityGlobals) = postSolution
		SolutionGuid = {46D7C439-F00F-4A51-BC1D-E868198F813E}
	EndGlobalSection
EndGlobal
